Microsoft Visual Studio Solution File, Format Version 12.00
# Visual Studio Version 16
VisualStudioVersion = 16.0.30000.0
MinimumVisualStudioVersion = 10.0.40219.1
Project("{FAE04EC0-301F-11D3-BF4B-00C04F79EFBC}") = "LDIS.Core", "src\LDIS.Core\LDIS.Core.csproj", "{B39E0594-55AE-4F3D-B27D-5A0ED654271B}"
EndProject
Project("{FAE04EC0-301F-11D3-BF4B-00C04F79EFBC}") = "LDIS.App", "src\LDIS.App\LDIS.App.csproj", "{25C4BC41-506B-4FE0-9B28-BE18E2565C13}"
EndProject
Project("{FAE04EC0-301F-11D3-BF4B-00C04F79EFBC}") = "LDIS.Core.Tests", "tests\LDIS.Core.Tests\LDIS.Core.Tests.csproj", "{D4E9F241-1123-49B6-8C5F-81D26E0B195C}"
EndProject
Global
	GlobalSection(SolutionConfigurationPlatforms) = preSolution
		Debug|Any CPU = Debug|Any CPU
		Release|Any CPU = Release|Any CPU
	EndGlobalSection
	GlobalSection(ProjectConfigurationPlatforms) = postSolution
		{B39E0594-55AE-4F3D-B27D-5A0ED654271B}.Debug|Any CPU.ActiveCfg = Debug|Any CPU
		{B39E0594-55AE-4F3D-B27D-5A0ED654271B}.Debug|Any CPU.Build.0 = Debug|Any CPU
		{B39E0594-55AE-4F3D-B27D-5A0ED654271B}.Release|Any CPU.ActiveCfg = Release|Any CPU
		{B39E0594-55AE-4F3D-B27D-5A0ED654271B}.Release|Any CPU.Build.0 = Release|Any CPU
		{25C4BC41-506B-4FE0-9B28-BE18E2565C13}.Debug|Any CPU.ActiveCfg = Debug|Any CPU
		{25C4BC41-506B-4FE0-9B28-BE18E2565C13}.Debug|Any CPU.Build.0 = Debug|Any CPU
		{25C4BC41-506B-4FE0-9B28-BE18E2565C13}.Release|Any CPU.ActiveCfg = Release|Any CPU
		{25C4BC41-506B-4FE0-9B28-BE18E2565C13}.Release|Any CPU.Build.0 = Release|Any CPU
		{D4E9F241-1123-49B6-8C5F-81D26E0B195C}.Debug|Any CPU.ActiveCfg = Debug|Any CPU
		{D4E9F241-1123-49B6-8C5F-81D26E0B195C}.Debug|Any CPU.Build.0 = Debug|Any CPU
		{D4E9F241-1123-49B6-8C5F-81D26E0B195C}.Release|Any CPU.ActiveCfg = Release|Any CPU
		{D4E9F241-1123-49B6-8C5F-81D26E0B195C}.Release|Any CPU.Build.0 = Release|Any CPU
	EndGlobalSection
	GlobalSection(SolutionProperties) = preSolution
		HideSolutionNode = FALSE
	EndGlobalSection
EndGlobal
